
Microsoft Visual Studio Solution File, Format Version 12.00
# Visual Studio Version 17
VisualStudioVersion = 17.1.32328.378
MinimumVisualStudioVersion = 10.0.40219.1
Project("{FAE04EC0-301F-11D3-BF4B-00C04F79EFBC}") = "ProgettoAgenzie", "ProgettoAgenzie\ProgettoAgenzie.csproj", "{30222C07-EC84-4DA1-9A8A-75BD02933814}"
EndProject
Global
	GlobalSection(SolutionConfigurationPlatforms) = preSolution
		Debug|Any CPU = Debug|Any CPU
		Release|Any CPU = Release|Any CPU
	EndGlobalSection
	GlobalSection(ProjectConfigurationPlatforms) = postSolution
		{30222C07-EC84-4DA1-9A8A-75BD02933814}.Debug|Any CPU.ActiveCfg = Debug|Any CPU
		{30222C07-EC84-4DA1-9A8A-75BD02933814}.Debug|Any CPU.Build.0 = Debug|Any CPU
		{30222C07-EC84-4DA1-9A8A-75BD02933814}.Release|Any CPU.ActiveCfg = Release|Any CPU
		{30222C07-EC84-4DA1-9A8A-75BD02933814}.Release|Any CPU.Build.0 = Release|Any CPU
	EndGlobalSection
	GlobalSection(SolutionProperties) = preSolution
		HideSolutionNode = FALSE
	EndGlobalSection
	GlobalSection(ExtensibilityGlobals) = postSolution
		SolutionGuid = {2107C0B9-5BDB-49B6-B198-381A3E895E04}
	EndGlobalSection
EndGlobal
